
Microsoft Visual Studio Solution File, Format Version 12.00
# Visual Studio Version 16
VisualStudioVersion = 16.0.30320.27
MinimumVisualStudioVersion = 10.0.40219.1
Project("{FAE04EC0-301F-11D3-BF4B-00C04F79EFBC}") = "m_4_1", "m_4_1\m_4_1.csproj", "{14653878-0594-49FE-BAA1-2D3468B8CFB6}"
EndProject
Project("{FAE04EC0-301F-11D3-BF4B-00C04F79EFBC}") = "m_4_2", "m_4_2\m_4_2.csproj", "{8ACE1D30-2DD6-47BD-90D2-244C83CDF064}"
EndProject
Global
	GlobalSection(SolutionConfigurationPlatforms) = preSolution
		Debug|Any CPU = Debug|Any CPU
		Release|Any CPU = Release|Any CPU
	EndGlobalSection
	GlobalSection(ProjectConfigurationPlatforms) = postSolution
		{14653878-0594-49FE-BAA1-2D3468B8CFB6}.Debug|Any CPU.ActiveCfg = Debug|Any CPU
		{14653878-0594-49FE-BAA1-2D3468B8CFB6}.Debug|Any CPU.Build.0 = Debug|Any CPU
		{14653878-0594-49FE-BAA1-2D3468B8CFB6}.Release|Any CPU.ActiveCfg = Release|Any CPU
		{14653878-0594-49FE-BAA1-2D3468B8CFB6}.Release|Any CPU.Build.0 = Release|Any CPU
		{8ACE1D30-2DD6-47BD-90D2-244C83CDF064}.Debug|Any CPU.ActiveCfg = Debug|Any CPU
		{8ACE1D30-2DD6-47BD-90D2-244C83CDF064}.Debug|Any CPU.Build.0 = Debug|Any CPU
		{8ACE1D30-2DD6-47BD-90D2-244C83CDF064}.Release|Any CPU.ActiveCfg = Release|Any CPU
		{8ACE1D30-2DD6-47BD-90D2-244C83CDF064}.Release|Any CPU.Build.0 = Release|Any CPU
	EndGlobalSection
	GlobalSection(SolutionProperties) = preSolution
		HideSolutionNode = FALSE
	EndGlobalSection
	GlobalSection(ExtensibilityGlobals) = postSolution
		SolutionGuid = {F9C30F0B-7DD8-433F-88B9-6B3479D4007A}
	EndGlobalSection
EndGlobal
